{
  "lockfile_version": "1",
  "packages": {
    "apple-sdk@latest": {
      "last_modified": "2025-10-07T08:41:47Z",
      "resolved": "github:NixOS/nixpkgs/bce5fe2bb998488d8e7e7856315f90496723793c#apple-sdk",
      "source": "devbox-search",
      "version": "11.3",
      "systems": {
        "aarch64-darwin": {
          "outputs": [
            {
              "name": "out",
              "path": "/nix/store/ghspqwzhdmzj1rss36lcayyc8mrvparn-apple-sdk-11.3",
              "default": true
            }
          ],
          "store_path": "/nix/store/ghspqwzhdmzj1rss36lcayyc8mrvparn-apple-sdk-11.3"
        },
        "x86_64-darwin": {
          "outputs": [
            {
              "name": "out",
              "path": "/nix/store/wf9x4kaaykhnq72v6xvxncp2h2sl97zw-apple-sdk-11.3",
              "default": true
            }
          ],
          "store_path": "/nix/store/wf9x4kaaykhnq72v6xvxncp2h2sl97zw-apple-sdk-11.3"
        }
      }
    },
    "github:NixOS/nixpkgs/nixpkgs-unstable": {
      "last_modified": "2025-07-31T04:07:16Z",
      "resolved": "github:NixOS/nixpkgs/8679b16e11becd487b45d568358ddf9d5640d860?lastModified=1753934836"
    }
  }
}
